// !$*UTF8*$!
{
	archiveVersion = 1;
	classes = {
	};
	objectVersion = 56;
	objects = {

/* Begin PBXBuildFile section */
		078BD0C62B87876F00F64E45 /* QR_MateApp.swift in Sources */ = {isa = PBXBuildFile; fileRef = 078BD0C52B87876F00F64E45 /* QR_MateApp.swift */; };
		078BD0C82B87876F00F64E45 /* ContentView.swift in Sources */ = {isa = PBXBuildFile; fileRef = 078BD0C72B87876F00F64E45 /* ContentView.swift */; };
		078BD0CA2B87877100F64E45 /* Assets.xcassets in Resources */ = {isa = PBXBuildFile; fileRef = 078BD0C92B87877100F64E45 /* Assets.xcassets */; };
		078BD0CD2B87877100F64E45 /* Preview Assets.xcassets in Resources */ = {isa = PBXBuildFile; fileRef = 078BD0CC2B87877100F64E45 /* Preview Assets.xcassets */; };
		078BD0CF2B87877100F64E45 /* Persistence.swift in Sources */ = {isa = PBXBuildFile; fileRef = 078BD0CE2B87877100F64E45 /* Persistence.swift */; };
		078BD0D22B87877100F64E45 /* QR_Mate.xcdatamodeld in Sources */ = {isa = PBXBuildFile; fileRef = 078BD0D02B87877100F64E45 /* QR_Mate.xcdatamodeld */; };
		078BD0DC2B87877100F64E45 /* QR_MateTests.swift in Sources */ = {isa = PBXBuildFile; fileRef = 078BD0DB2B87877100F64E45 /* QR_MateTests.swift */; };
		078BD0E62B87877100F64E45 /* QR_MateUITests.swift in Sources */ = {isa = PBXBuildFile; fileRef = 078BD0E52B87877100F64E45 /* QR_MateUITests.swift */; };
		078BD0E82B87877100F64E45 /* QR_MateUITestsLaunchTests.swift in Sources */ = {isa = PBXBuildFile; fileRef = 078BD0E72B87877100F64E45 /* QR_MateUITestsLaunchTests.swift */; };
/* End PBXBuildFile section */

/* Begin PBXContainerItemProxy section */
		078BD0D82B87877100F64E45 /* PBXContainerItemProxy */ = {
			isa = PBXContainerItemProxy;
			containerPortal = 078BD0BA2B87876F00F64E45 /* Project object */;
			proxyType = 1;
			remoteGlobalIDString = 078BD0C12B87876F00F64E45;
			remoteInfo = "QR-Mate";
		};
		078BD0E22B87877100F64E45 /* PBXContainerItemProxy */ = {
			isa = PBXContainerItemProxy;
			containerPortal = 078BD0BA2B87876F00F64E45 /* Project object */;
			proxyType = 1;
			remoteGlobalIDString = 078BD0C12B87876F00F64E45;
			remoteInfo = "QR-Mate";
		};
/* End PBXContainerItemProxy section */

/* Begin PBXFileReference section */
		078BD0C22B87876F00F64E45 /* QR-Mate.app */ = {isa = PBXFileReference; explicitFileType = wrapper.application; includeInIndex = 0; path = "QR-Mate.app"; sourceTree = BUILT_PRODUCTS_DIR; };
		078BD0C52B87876F00F64E45 /* QR_MateApp.swift */ = {isa = PBXFileReference; lastKnownFileType = sourcecode.swift; path = QR_MateApp.swift; sourceTree = "<group>"; };
		078BD0C72B87876F00F64E45 /* ContentView.swift */ = {isa = PBXFileReference; lastKnownFileType = sourcecode.swift; path = ContentView.swift; sourceTree = "<group>"; };
		078BD0C92B87877100F64E45 /* Assets.xcassets */ = {isa = PBXFileReference; lastKnownFileType = folder.assetcatalog; path = Assets.xcassets; sourceTree = "<group>"; };
		078BD0CC2B87877100F64E45 /* Preview Assets.xcassets */ = {isa = PBXFileReference; lastKnownFileType = folder.assetcatalog; path = "Preview Assets.xcassets"; sourceTree = "<group>"; };
		078BD0CE2B87877100F64E45 /* Persistence.swift */ = {isa = PBXFileReference; lastKnownFileType = sourcecode.swift; path = Persistence.swift; sourceTree = "<group>"; };
		078BD0D12B87877100F64E45 /* QR_Mate.xcdatamodel */ = {isa = PBXFileReference; lastKnownFileType = wrapper.xcdatamodel; path = QR_Mate.xcdatamodel; sourceTree = "<group>"; };
		078BD0D72B87877100F64E45 /* QR-MateTests.xctest */ = {isa = PBXFileReference; explicitFileType = wrapper.cfbundle; includeInIndex = 0; path = "QR-MateTests.xctest"; sourceTree = BUILT_PRODUCTS_DIR; };
		078BD0DB2B87877100F64E45 /* QR_MateTests.swift */ = {isa = PBXFileReference; lastKnownFileType = sourcecode.swift; path = QR_MateTests.swift; sourceTree = "<group>"; };
		078BD0E12B87877100F64E45 /* QR-MateUITests.xctest */ = {isa = PBXFileReference; explicitFileType = wrapper.cfbundle; includeInIndex = 0; path = "QR-MateUITests.xctest"; sourceTree = BUILT_PRODUCTS_DIR; };
		078BD0E52B87877100F64E45 /* QR_MateUITests.swift */ = {isa = PBXFileReference; lastKnownFileType = sourcecode.swift; path = QR_MateUITests.swift; sourceTree = "<group>"; };
		078BD0E72B87877100F64E45 /* QR_MateUITestsLaunchTests.swift */ = {isa = PBXFileReference; lastKnownFileType = sourcecode.swift; path = QR_MateUITestsLaunchTests.swift; sourceTree = "<group>"; };
/* End PBXFileReference section */

/* Begin PBXFrameworksBuildPhase section */
		078BD0BF2B87876F00F64E45 /* Frameworks */ = {
			isa = PBXFrameworksBuildPhase;
			buildActionMask = 2147483647;
			files = (
			);
			runOnlyForDeploymentPostprocessing = 0;
		};
		078BD0D42B87877100F64E45 /* Frameworks */ = {
			isa = PBXFrameworksBuildPhase;
			buildActionMask = 2147483647;
			files = (
			);
			runOnlyForDeploymentPostprocessing = 0;
		};
		078BD0DE2B87877100F64E45 /* Frameworks */ = {
			isa = PBXFrameworksBuildPhase;
			buildActionMask = 2147483647;
			files = (
			);
			runOnlyForDeploymentPostprocessing = 0;
		};
/* End PBXFrameworksBuildPhase section */

/* Begin PBXGroup section */
		078BD0B92B87876F00F64E45 = {
			isa = PBXGroup;
			children = (
				078BD0C42B87876F00F64E45 /* QR-Mate */,
				078BD0DA2B87877100F64E45 /* QR-MateTests */,
				078BD0E42B87877100F64E45 /* QR-MateUITests */,
				078BD0C32B87876F00F64E45 /* Products */,
			);
			sourceTree = "<group>";
		};
		078BD0C32B87876F00F64E45 /* Products */ = {
			isa = PBXGroup;
			children = (
				078BD0C22B87876F00F64E45 /* QR-Mate.app */,
				078BD0D72B87877100F64E45 /* QR-MateTests.xctest */,
				078BD0E12B87877100F64E45 /* QR-MateUITests.xctest */,
			);
			name = Products;
			sourceTree = "<group>";
		};
		078BD0C42B87876F00F64E45 /* QR-Mate */ = {
			isa = PBXGroup;
			children = (
				078BD0C52B87876F00F64E45 /* QR_MateApp.swift */,
				078BD0C72B87876F00F64E45 /* ContentView.swift */,
				078BD0C92B87877100F64E45 /* Assets.xcassets */,
				078BD0CE2B87877100F64E45 /* Persistence.swift */,
				078BD0D02B87877100F64E45 /* QR_Mate.xcdatamodeld */,
				078BD0CB2B87877100F64E45 /* Preview Content */,
			);
			path = "QR-Mate";
			sourceTree = "<group>";
		};
		078BD0CB2B87877100F64E45 /* Preview Content */ = {
			isa = PBXGroup;
			children = (
				078BD0CC2B87877100F64E45 /* Preview Assets.xcassets */,
			);
			path = "Preview Content";
			sourceTree = "<group>";
		};
		078BD0DA2B87877100F64E45 /* QR-MateTests */ = {
			isa = PBXGroup;
			children = (
				078BD0DB2B87877100F64E45 /* QR_MateTests.swift */,
			);
			path = "QR-MateTests";
			sourceTree = "<group>";
		};
		078BD0E42B87877100F64E45 /* QR-MateUITests */ = {
			isa = PBXGroup;
			children = (
				078BD0E52B87877100F64E45 /* QR_MateUITests.swift */,
				078BD0E72B87877100F64E45 /* QR_MateUITestsLaunchTests.swift */,
			);
			path = "QR-MateUITests";
			sourceTree = "<group>";
		};
/* End PBXGroup section */

/* Begin PBXNativeTarget section */
		078BD0C12B87876F00F64E45 /* QR-Mate */ = {
			isa = PBXNativeTarget;
			buildConfigurationList = 078BD0EB2B87877100F64E45 /* Build configuration list for PBXNativeTarget "QR-Mate" */;
			buildPhases = (
				078BD0BE2B87876F00F64E45 /* Sources */,
				078BD0BF2B87876F00F64E45 /* Frameworks */,
				078BD0C02B87876F00F64E45 /* Resources */,
			);
			buildRules = (
			);
			dependencies = (
			);
			name = "QR-Mate";
			productName = "QR-Mate";
			productReference = 078BD0C22B87876F00F64E45 /* QR-Mate.app */;
			productType = "com.apple.product-type.application";
		};
		078BD0D62B87877100F64E45 /* QR-MateTests */ = {
			isa = PBXNativeTarget;
			buildConfigurationList = 078BD0EE2B87877100F64E45 /* Build configuration list for PBXNativeTarget "QR-MateTests" */;
			buildPhases = (
				078BD0D32B87877100F64E45 /* Sources */,
				078BD0D42B87877100F64E45 /* Frameworks */,
				078BD0D52B87877100F64E45 /* Resources */,
			);
			buildRules = (
			);
			dependencies = (
				078BD0D92B87877100F64E45 /* PBXTargetDependency */,
			);
			name = "QR-MateTests";
			productName = "QR-MateTests";
			productReference = 078BD0D72B87877100F64E45 /* QR-MateTests.xctest */;
			productType = "com.apple.product-type.bundle.unit-test";
		};
		078BD0E02B87877100F64E45 /* QR-MateUITests */ = {
			isa = PBXNativeTarget;
			buildConfigurationList = 078BD0F12B87877100F64E45 /* Build configuration list for PBXNativeTarget "QR-MateUITests" */;
			buildPhases = (
				078BD0DD2B87877100F64E45 /* Sources */,
				078BD0DE2B87877100F64E45 /* Frameworks */,
				078BD0DF2B87877100F64E45 /* Resources */,
			);
			buildRules = (
			);
			dependencies = (
				078BD0E32B87877100F64E45 /* PBXTargetDependency */,
			);
			name = "QR-MateUITests";
			productName = "QR-MateUITests";
			productReference = 078BD0E12B87877100F64E45 /* QR-MateUITests.xctest */;
			productType = "com.apple.product-type.bundle.ui-testing";
		};
/* End PBXNativeTarget section */

/* Begin PBXProject section */
		078BD0BA2B87876F00F64E45 /* Project object */ = {
			isa = PBXProject;
			attributes = {
				BuildIndependentTargetsInParallel = 1;
				LastSwiftUpdateCheck = 1500;
				LastUpgradeCheck = 1500;
				TargetAttributes = {
					078BD0C12B87876F00F64E45 = {
						CreatedOnToolsVersion = 15.0.1;
					};
					078BD0D62B87877100F64E45 = {
						CreatedOnToolsVersion = 15.0.1;
						TestTargetID = 078BD0C12B87876F00F64E45;
					};
					078BD0E02B87877100F64E45 = {
						CreatedOnToolsVersion = 15.0.1;
						TestTargetID = 078BD0C12B87876F00F64E45;
					};
				};
			};
			buildConfigurationList = 078BD0BD2B87876F00F64E45 /* Build configuration list for PBXProject "QR-Mate" */;
			compatibilityVersion = "Xcode 14.0";
			developmentRegion = en;
			hasScannedForEncodings = 0;
			knownRegions = (
				en,
				Base,
			);
			mainGroup = 078BD0B92B87876F00F64E45;
			productRefGroup = 078BD0C32B87876F00F64E45 /* Products */;
			projectDirPath = "";
			projectRoot = "";
			targets = (
				078BD0C12B87876F00F64E45 /* QR-Mate */,
				078BD0D62B87877100F64E45 /* QR-MateTests */,
				078BD0E02B87877100F64E45 /* QR-MateUITests */,
			);
		};
/* End PBXProject section */

/* Begin PBXResourcesBuildPhase section */
		078BD0C02B87876F00F64E45 /* Resources */ = {
			isa = PBXResourcesBuildPhase;
			buildActionMask = 2147483647;
			files = (
				078BD0CD2B87877100F64E45 /* Preview Assets.xcassets in Resources */,
				078BD0CA2B87877100F64E45 /* Assets.xcassets in Resources */,
			);
			runOnlyForDeploymentPostprocessing = 0;
		};
		078BD0D52B87877100F64E45 /* Resources */ = {
			isa = PBXResourcesBuildPhase;
			buildActionMask = 2147483647;
			files = (
			);
			runOnlyForDeploymentPostprocessing = 0;
		};
		078BD0DF2B87877100F64E45 /* Resources */ = {
			isa = PBXResourcesBuildPhase;
			buildActionMask = 2147483647;
			files = (
			);
			runOnlyForDeploymentPostprocessing = 0;
		};
/* End PBXResourcesBuildPhase section */

/* Begin PBXSourcesBuildPhase section */
		078BD0BE2B87876F00F64E45 /* Sources */ = {
			isa = PBXSourcesBuildPhase;
			buildActionMask = 2147483647;
			files = (
				078BD0CF2B87877100F64E45 /* Persistence.swift in Sources */,
				078BD0D22B87877100F64E45 /* QR_Mate.xcdatamodeld in Sources */,
				078BD0C82B87876F00F64E45 /* ContentView.swift in Sources */,
				078BD0C62B87876F00F64E45 /* QR_MateApp.swift in Sources */,
			);
			runOnlyForDeploymentPostprocessing = 0;
		};
		078BD0D32B87877100F64E45 /* Sources */ = {
			isa = PBXSourcesBuildPhase;
			buildActionMask = 2147483647;
			files = (
				078BD0DC2B87877100F64E45 /* QR_MateTests.swift in Sources */,
			);
			runOnlyForDeploymentPostprocessing = 0;
		};
		078BD0DD2B87877100F64E45 /* Sources */ = {
			isa = PBXSourcesBuildPhase;
			buildActionMask = 2147483647;
			files = (
				078BD0E82B87877100F64E45 /* QR_MateUITestsLaunchTests.swift in Sources */,
				078BD0E62B87877100F64E45 /* QR_MateUITests.swift in Sources */,
			);
			runOnlyForDeploymentPostprocessing = 0;
		};
/* End PBXSourcesBuildPhase section */

/* Begin PBXTargetDependency section */
		078BD0D92B87877100F64E45 /* PBXTargetDependency */ = {
			isa = PBXTargetDependency;
			target = 078BD0C12B87876F00F64E45 /* QR-Mate */;
			targetProxy = 078BD0D82B87877100F64E45 /* PBXContainerItemProxy */;
		};
		078BD0E32B87877100F64E45 /* PBXTargetDependency */ = {
			isa = PBXTargetDependency;
			target = 078BD0C12B87876F00F64E45 /* QR-Mate */;
			targetProxy = 078BD0E22B87877100F64E45 /* PBXContainerItemProxy */;
		};
/* End PBXTargetDependency section */

/* Begin XCBuildConfiguration section */
		078BD0E92B87877100F64E45 /* Debug */ = {
			isa = XCBuildConfiguration;
			buildSettings = {
				ALWAYS_SEARCH_USER_PATHS = NO;
				ASSETCATALOG_COMPILER_GENERATE_SWIFT_ASSET_SYMBOL_EXTENSIONS = YES;
				CLANG_ANALYZER_NONNULL = YES;
				CLANG_ANALYZER_NUMBER_OBJECT_CONVERSION = YES_AGGRESSIVE;
				CLANG_CXX_LANGUAGE_STANDARD = "gnu++20";
				CLANG_ENABLE_MODULES = YES;
				CLANG_ENABLE_OBJC_ARC = YES;
				CLANG_ENABLE_OBJC_WEAK = YES;
				CLANG_WARN_BLOCK_CAPTURE_AUTORELEASING = YES;
				CLANG_WARN_BOOL_CONVERSION = YES;
				CLANG_WARN_COMMA = YES;
				CLANG_WARN_CONSTANT_CONVERSION = YES;
				CLANG_WARN_DEPRECATED_OBJC_IMPLEMENTATIONS = YES;
				CLANG_WARN_DIRECT_OBJC_ISA_USAGE = YES_ERROR;
				CLANG_WARN_DOCUMENTATION_COMMENTS = YES;
				CLANG_WARN_EMPTY_BODY = YES;
				CLANG_WARN_ENUM_CONVERSION = YES;
				CLANG_WARN_INFINITE_RECURSION = YES;
				CLANG_WARN_INT_CONVERSION = YES;
				CLANG_WARN_NON_LITERAL_NULL_CONVERSION = YES;
				CLANG_WARN_OBJC_IMPLICIT_RETAIN_SELF = YES;
				CLANG_WARN_OBJC_LITERAL_CONVERSION = YES;
				CLANG_WARN_OBJC_ROOT_CLASS = YES_ERROR;
				CLANG_WARN_QUOTED_INCLUDE_IN_FRAMEWORK_HEADER = YES;
				CLANG_WARN_RANGE_LOOP_ANALYSIS = YES;
				CLANG_WARN_STRICT_PROTOTYPES = YES;
				CLANG_WARN_SUSPICIOUS_MOVE = YES;
				CLANG_WARN_UNGUARDED_AVAILABILITY = YES_AGGRESSIVE;
				CLANG_WARN_UNREACHABLE_CODE = YES;
				CLANG_WARN__DUPLICATE_METHOD_MATCH = YES;
				COPY_PHASE_STRIP = NO;
				DEBUG_INFORMATION_FORMAT = dwarf;
				ENABLE_STRICT_OBJC_MSGSEND = YES;
				ENABLE_TESTABILITY = YES;
				ENABLE_USER_SCRIPT_SANDBOXING = YES;
				GCC_C_LANGUAGE_STANDARD = gnu17;
				GCC_DYNAMIC_NO_PIC = NO;
				GCC_NO_COMMON_BLOCKS = YES;
				GCC_OPTIMIZATION_LEVEL = 0;
				GCC_PREPROCESSOR_DEFINITIONS = (
					"DEBUG=1",
					"$(inherited)",
				);
				GCC_WARN_64_TO_32_BIT_CONVERSION = YES;
				GCC_WARN_ABOUT_RETURN_TYPE = YES_ERROR;
				GCC_WARN_UNDECLARED_SELECTOR = YES;
				GCC_WARN_UNINITIALIZED_AUTOS = YES_AGGRESSIVE;
				GCC_WARN_UNUSED_FUNCTION = YES;
				GCC_WARN_UNUSED_VARIABLE = YES;
				IPHONEOS_DEPLOYMENT_TARGET = 17.0;
				LOCALIZATION_PREFERS_STRING_CATALOGS = YES;
				MTL_ENABLE_DEBUG_INFO = INCLUDE_SOURCE;
				MTL_FAST_MATH = YES;
				ONLY_ACTIVE_ARCH = YES;
				SDKROOT = iphoneos;
				SWIFT_ACTIVE_COMPILATION_CONDITIONS = "DEBUG $(inherited)";
				SWIFT_OPTIMIZATION_LEVEL = "-Onone";
			};
			name = Debug;
		};
		078BD0EA2B87877100F64E45 /* Release */ = {
			isa = XCBuildConfiguration;
			buildSettings = {
				ALWAYS_SEARCH_USER_PATHS = NO;
				ASSETCATALOG_COMPILER_GENERATE_SWIFT_ASSET_SYMBOL_EXTENSIONS = YES;
				CLANG_ANALYZER_NONNULL = YES;
				CLANG_ANALYZER_NUMBER_OBJECT_CONVERSION = YES_AGGRESSIVE;
				CLANG_CXX_LANGUAGE_STANDARD = "gnu++20";
				CLANG_ENABLE_MODULES = YES;
				CLANG_ENABLE_OBJC_ARC = YES;
				CLANG_ENABLE_OBJC_WEAK = YES;
				CLANG_WARN_BLOCK_CAPTURE_AUTORELEASING = YES;
				CLANG_WARN_BOOL_CONVERSION = YES;
				CLANG_WARN_COMMA = YES;
				CLANG_WARN_CONSTANT_CONVERSION = YES;
				CLANG_WARN_DEPRECATED_OBJC_IMPLEMENTATIONS = YES;
				CLANG_WARN_DIRECT_OBJC_ISA_USAGE = YES_ERROR;
				CLANG_WARN_DOCUMENTATION_COMMENTS = YES;
				CLANG_WARN_EMPTY_BODY = YES;
				CLANG_WARN_ENUM_CONVERSION = YES;
				CLANG_WARN_INFINITE_RECURSION = YES;
				CLANG_WARN_INT_CONVERSION = YES;
				CLANG_WARN_NON_LITERAL_NULL_CONVERSION = YES;
				CLANG_WARN_OBJC_IMPLICIT_RETAIN_SELF = YES;
				CLANG_WARN_OBJC_LITERAL_CONVERSION = YES;
				CLANG_WARN_OBJC_ROOT_CLASS = YES_ERROR;
				CLANG_WARN_QUOTED_INCLUDE_IN_FRAMEWORK_HEADER = YES;
				CLANG_WARN_RANGE_LOOP_ANALYSIS = YES;
				CLANG_WARN_STRICT_PROTOTYPES = YES;
				CLANG_WARN_SUSPICIOUS_MOVE = YES;
				CLANG_WARN_UNGUARDED_AVAILABILITY = YES_AGGRESSIVE;
				CLANG_WARN_UNREACHABLE_CODE = YES;
				CLANG_WARN__DUPLICATE_METHOD_MATCH = YES;
				COPY_PHASE_STRIP = NO;
				DEBUG_INFORMATION_FORMAT = "dwarf-with-dsym";
				ENABLE_NS_ASSERTIONS = NO;
				ENABLE_STRICT_OBJC_MSGSEND = YES;
				ENABLE_USER_SCRIPT_SANDBOXING = YES;
				GCC_C_LANGUAGE_STANDARD = gnu17;
				GCC_NO_COMMON_BLOCKS = YES;
				GCC_WARN_64_TO_32_BIT_CONVERSION = YES;
				GCC_WARN_ABOUT_RETURN_TYPE = YES_ERROR;
				GCC_WARN_UNDECLARED_SELECTOR = YES;
				GCC_WARN_UNINITIALIZED_AUTOS = YES_AGGRESSIVE;
				GCC_WARN_UNUSED_FUNCTION = YES;
				GCC_WARN_UNUSED_VARIABLE = YES;
				IPHONEOS_DEPLOYMENT_TARGET = 17.0;
				LOCALIZATION_PREFERS_STRING_CATALOGS = YES;
				MTL_ENABLE_DEBUG_INFO = NO;
				MTL_FAST_MATH = YES;
				SDKROOT = iphoneos;
				SWIFT_COMPILATION_MODE = wholemodule;
				VALIDATE_PRODUCT = YES;
			};
			name = Release;
		};
		078BD0EC2B87877100F64E45 /* Debug */ = {
			isa = XCBuildConfiguration;
			buildSettings = {
				ASSETCATALOG_COMPILER_APPICON_NAME = AppIcon;
				ASSETCATALOG_COMPILER_GLOBAL_ACCENT_COLOR_NAME = AccentColor;
				CODE_SIGN_STYLE = Automatic;
				CURRENT_PROJECT_VERSION = 1;
				DEVELOPMENT_ASSET_PATHS = "\"QR-Mate/Preview Content\"";
				DEVELOPMENT_TEAM = BQV5J3X942;
				ENABLE_PREVIEWS = YES;
				GENERATE_INFOPLIST_FILE = YES;
				INFOPLIST_KEY_LSApplicationCategoryType = "public.app-category.utilities";
				INFOPLIST_KEY_NSCameraUsageDescription = "Need to access camera form this app to scan QR codes";
				INFOPLIST_KEY_UIApplicationSceneManifest_Generation = YES;
				INFOPLIST_KEY_UIApplicationSupportsIndirectInputEvents = YES;
				INFOPLIST_KEY_UILaunchScreen_Generation = YES;
				INFOPLIST_KEY_UISupportedInterfaceOrientations_iPad = "UIInterfaceOrientationPortrait UIInterfaceOrientationPortraitUpsideDown UIInterfaceOrientationLandscapeLeft UIInterfaceOrientationLandscapeRight";
				INFOPLIST_KEY_UISupportedInterfaceOrientations_iPhone = "UIInterfaceOrientationPortrait UIInterfaceOrientationLandscapeLeft UIInterfaceOrientationLandscapeRight";
				IPHONEOS_DEPLOYMENT_TARGET = 15.0;
				LD_RUNPATH_SEARCH_PATHS = (
					"$(inherited)",
					"@executable_path/Frameworks",
				);
				MARKETING_VERSION = 4.1;
				PRODUCT_BUNDLE_IDENTIFIER = "RepT.QR-Mate";
				PRODUCT_NAME = "$(TARGET_NAME)";
				SUPPORTED_PLATFORMS = "iphoneos iphonesimulator";
				SUPPORTS_MACCATALYST = NO;
				SWIFT_EMIT_LOC_STRINGS = YES;
				SWIFT_VERSION = 5.0;
				TARGETED_DEVICE_FAMILY = 1;
			};
			name = Debug;
		};
		078BD0ED2B87877100F64E45 /* Release */ = {
			isa = XCBuildConfiguration;
			buildSettings = {
				ASSETCATALOG_COMPILER_APPICON_NAME = AppIcon;
				ASSETCATALOG_COMPILER_GLOBAL_ACCENT_COLOR_NAME = AccentColor;
				CODE_SIGN_STYLE = Automatic;
				CURRENT_PROJECT_VERSION = 1;
				DEVELOPMENT_ASSET_PATHS = "\"QR-Mate/Preview Content\"";
				DEVELOPMENT_TEAM = BQV5J3X942;
				ENABLE_PREVIEWS = YES;
				GENERATE_INFOPLIST_FILE = YES;
				INFOPLIST_KEY_LSApplicationCategoryType = "public.app-category.utilities";
				INFOPLIST_KEY_NSCameraUsageDescription = "Need to access camera form this app to scan QR codes";
				INFOPLIST_KEY_UIApplicationSceneManifest_Generation = YES;
				INFOPLIST_KEY_UIApplicationSupportsIndirectInputEvents = YES;
				INFOPLIST_KEY_UILaunchScreen_Generation = YES;
				INFOPLIST_KEY_UISupportedInterfaceOrientations_iPad = "UIInterfaceOrientationPortrait UIInterfaceOrientationPortraitUpsideDown UIInterfaceOrientationLandscapeLeft UIInterfaceOrientationLandscapeRight";
				INFOPLIST_KEY_UISupportedInterfaceOrientations_iPhone = "UIInterfaceOrientationPortrait UIInterfaceOrientationLandscapeLeft UIInterfaceOrientationLandscapeRight";
				IPHONEOS_DEPLOYMENT_TARGET = 15.0;
				LD_RUNPATH_SEARCH_PATHS = (
					"$(inherited)",
					"@executable_path/Frameworks",
				);
				MARKETING_VERSION = 4.1;
				PRODUCT_BUNDLE_IDENTIFIER = "RepT.QR-Mate";
				PRODUCT_NAME = "$(TARGET_NAME)";
				SUPPORTED_PLATFORMS = "iphoneos iphonesimulator";
				SUPPORTS_MACCATALYST = NO;
				SWIFT_EMIT_LOC_STRINGS = YES;
				SWIFT_VERSION = 5.0;
				TARGETED_DEVICE_FAMILY = 1;
			};
			name = Release;
		};
		078BD0EF2B87877100F64E45 /* Debug */ = {
			isa = XCBuildConfiguration;
			buildSettings = {
				ALWAYS_EMBED_SWIFT_STANDARD_LIBRARIES = YES;
				BUNDLE_LOADER = "$(TEST_HOST)";
				CODE_SIGN_STYLE = Automatic;
				CURRENT_PROJECT_VERSION = 1;
				GENERATE_INFOPLIST_FILE = YES;
				IPHONEOS_DEPLOYMENT_TARGET = 17.0;
				MARKETING_VERSION = 1.0;
				PRODUCT_BUNDLE_IDENTIFIER = "RepT.QR-MateTests";
				PRODUCT_NAME = "$(TARGET_NAME)";
				SWIFT_EMIT_LOC_STRINGS = NO;
				SWIFT_VERSION = 5.0;
				TARGETED_DEVICE_FAMILY = "1,2";
				TEST_HOST = "$(BUILT_PRODUCTS_DIR)/QR-Mate.app/$(BUNDLE_EXECUTABLE_FOLDER_PATH)/QR-Mate";
			};
			name = Debug;
		};
		078BD0F02B87877100F64E45 /* Release */ = {
			isa = XCBuildConfiguration;
			buildSettings = {
				ALWAYS_EMBED_SWIFT_STANDARD_LIBRARIES = YES;
				BUNDLE_LOADER = "$(TEST_HOST)";
				CODE_SIGN_STYLE = Automatic;
				CURRENT_PROJECT_VERSION = 1;
				GENERATE_INFOPLIST_FILE = YES;
				IPHONEOS_DEPLOYMENT_TARGET = 17.0;
				MARKETING_VERSION = 1.0;
				PRODUCT_BUNDLE_IDENTIFIER = "RepT.QR-MateTests";
				PRODUCT_NAME = "$(TARGET_NAME)";
				SWIFT_EMIT_LOC_STRINGS = NO;
				SWIFT_VERSION = 5.0;
				TARGETED_DEVICE_FAMILY = "1,2";
				TEST_HOST = "$(BUILT_PRODUCTS_DIR)/QR-Mate.app/$(BUNDLE_EXECUTABLE_FOLDER_PATH)/QR-Mate";
			};
			name = Release;
		};
		078BD0F22B87877100F64E45 /* Debug */ = {
			isa = XCBuildConfiguration;
			buildSettings = {
				ALWAYS_EMBED_SWIFT_STANDARD_LIBRARIES = YES;
				CODE_SIGN_STYLE = Automatic;
				CURRENT_PROJECT_VERSION = 1;
				GENERATE_INFOPLIST_FILE = YES;
				MARKETING_VERSION = 1.0;
				PRODUCT_BUNDLE_IDENTIFIER = "RepT.QR-MateUITests";
				PRODUCT_NAME = "$(TARGET_NAME)";
				SWIFT_EMIT_LOC_STRINGS = NO;
				SWIFT_VERSION = 5.0;
				TARGETED_DEVICE_FAMILY = "1,2";
				TEST_TARGET_NAME = "QR-Mate";
			};
			name = Debug;
		};
		078BD0F32B87877100F64E45 /* Release */ = {
			isa = XCBuildConfiguration;
			buildSettings = {
				ALWAYS_EMBED_SWIFT_STANDARD_LIBRARIES = YES;
				CODE_SIGN_STYLE = Automatic;
				CURRENT_PROJECT_VERSION = 1;
				GENERATE_INFOPLIST_FILE = YES;
				MARKETING_VERSION = 1.0;
				PRODUCT_BUNDLE_IDENTIFIER = "RepT.QR-MateUITests";
				PRODUCT_NAME = "$(TARGET_NAME)";
				SWIFT_EMIT_LOC_STRINGS = NO;
				SWIFT_VERSION = 5.0;
				TARGETED_DEVICE_FAMILY = "1,2";
				TEST_TARGET_NAME = "QR-Mate";
			};
			name = Release;
		};
/* End XCBuildConfiguration section */

/* Begin XCConfigurationList section */
		078BD0BD2B87876F00F64E45 /* Build configuration list for PBXProject "QR-Mate" */ = {
			isa = XCConfigurationList;
			buildConfigurations = (
				078BD0E92B87877100F64E45 /* Debug */,
				078BD0EA2B87877100F64E45 /* Release */,
			);
			defaultConfigurationIsVisible = 0;
			defaultConfigurationName = Release;
		};
		078BD0EB2B87877100F64E45 /* Build configuration list for PBXNativeTarget "QR-Mate" */ = {
			isa = XCConfigurationList;
			buildConfigurations = (
				078BD0EC2B87877100F64E45 /* Debug */,
				078BD0ED2B87877100F64E45 /* Release */,
			);
			defaultConfigurationIsVisible = 0;
			defaultConfigurationName = Release;
		};
		078BD0EE2B87877100F64E45 /* Build configuration list for PBXNativeTarget "QR-MateTests" */ = {
			isa = XCConfigurationList;
			buildConfigurations = (
				078BD0EF2B87877100F64E45 /* Debug */,
				078BD0F02B87877100F64E45 /* Release */,
			);
			defaultConfigurationIsVisible = 0;
			defaultConfigurationName = Release;
		};
		078BD0F12B87877100F64E45 /* Build configuration list for PBXNativeTarget "QR-MateUITests" */ = {
			isa = XCConfigurationList;
			buildConfigurations = (
				078BD0F22B87877100F64E45 /* Debug */,
				078BD0F32B87877100F64E45 /* Release */,
			);
			defaultConfigurationIsVisible = 0;
			defaultConfigurationName = Release;
		};
/* End XCConfigurationList section */

/* Begin XCVersionGroup section */
		078BD0D02B87877100F64E45 /* QR_Mate.xcdatamodeld */ = {
			isa = XCVersionGroup;
			children = (
				078BD0D12B87877100F64E45 /* QR_Mate.xcdatamodel */,
			);
			currentVersion = 078BD0D12B87877100F64E45 /* QR_Mate.xcdatamodel */;
			path = QR_Mate.xcdatamodeld;
			sourceTree = "<group>";
			versionGroupType = wrapper.xcdatamodel;
		};
/* End XCVersionGroup section */
	};
	rootObject = 078BD0BA2B87876F00F64E45 /* Project object */;
}
